<?xml version="1.0" encoding="utf-8"?>
<Project ToolsVersion="4.0" xmlns="http://schemas.microsoft.com/developer/msbuild/2003">
  <ItemGroup>
    <Filter Include="Source Files">
      <UniqueIdentifier>{4FC737F1-C7A5-4376-A066-2A32D752A2FF}</UniqueIdentifier>
      <Extensions>cpp;c;cc;cxx;def;odl;idl;hpj;bat;asm;asmx</Extensions>
    </Filter>
    <Filter Include="Header Files">
      <UniqueIdentifier>{93995380-89BD-4b04-88EB-625FBE52EBFB}</UniqueIdentifier>
      <Extensions>h;hh;hpp;hxx;hm;inl;inc;ipp;xsd</Extensions>
    </Filter>
    <Filter Include="Resource Files">
      <UniqueIdentifier>{67DA6AB6-F800-4c08-8B7A-83BB121AAD01}</UniqueIdentifier>
      <Extensions>rc;ico;cur;bmp;dlg;rc2;rct;bin;rgs;gif;jpg;jpeg;jpe;resx;tiff;tif;png;wav;mfcribbon-ms</Extensions>
    </Filter>
    <Filter Include="Header Files\TextBehavior">
      <UniqueIdentifier>{d3aa4d74-6958-4a7f-abf1-a40a6dd34bca}</UniqueIdentifier>
    </Filter>
    <Filter Include="Source Files\TextBehavior">
      <UniqueIdentifier>{3bd66e4d-d0f9-4936-989c-7194d76b95ec}</UniqueIdentifier>
    </Filter>
    <Filter Include="Header Files\DialogueBox">
      <UniqueIdentifier>{b23116dd-8b3f-4cd6-b4a0-afe69ad100bc}</UniqueIdentifier>
    </Filter>
    <Filter Include="Source Files\DialogueBox">
      <UniqueIdentifier>{babd6710-2998-4e31-8877-ca1717c17c6a}</UniqueIdentifier>
    </Filter>
    <Filter Include="Header Files\GameState">
      <UniqueIdentifier>{4e5cec54-e635-4403-bccd-f13aa11998eb}</UniqueIdentifier>
    </Filter>
    <Filter Include="Source Files\GameState">
      <UniqueIdentifier>{6de99b0c-5a8d-4539-ade8-b81d424fb52d}</UniqueIdentifier>
    </Filter>
  </ItemGroup>
  <ItemGroup>
    <ClCompile Include="main.cpp">
      <Filter>Source Files</Filter>
    </ClCompile>
    <ClCompile Include="src\Application.cpp">
      <Filter>Source Files</Filter>
    </ClCompile>
    <ClCompile Include="src\State.cpp">
      <Filter>Source Files</Filter>
    </ClCompile>
    <ClCompile Include="src\MenuState.cpp">
      <Filter>Source Files</Filter>
    </ClCompile>
    <ClCompile Include="src\Button.cpp">
      <Filter>Source Files</Filter>
    </ClCompile>
    <ClCompile Include="src\StateButton.cpp">
      <Filter>Source Files</Filter>
    </ClCompile>
    <ClCompile Include="src\StateManager.cpp">
      <Filter>Source Files</Filter>
    </ClCompile>
    <ClCompile Include="src\TextBehavior.cpp">
      <Filter>Source Files\TextBehavior</Filter>
    </ClCompile>
    <ClCompile Include="src\NoText.cpp">
      <Filter>Source Files\TextBehavior</Filter>
    </ClCompile>
    <ClCompile Include="src\HasText.cpp">
      <Filter>Source Files\TextBehavior</Filter>
    </ClCompile>
    <ClCompile Include="src\GameObject.cpp">
      <Filter>Source Files</Filter>
    </ClCompile>
    <ClCompile Include="src\DialogueBox.cpp">
      <Filter>Source Files\DialogueBox</Filter>
    </ClCompile>
    <ClCompile Include="src\DialogueCloseButton.cpp">
      <Filter>Source Files\DialogueBox</Filter>
    </ClCompile>
    <ClCompile Include="src\DragBar.cpp">
      <Filter>Source Files\DialogueBox</Filter>
    </ClCompile>
    <ClCompile Include="src\Board.cpp">
      <Filter>Source Files\GameState</Filter>
    </ClCompile>
    <ClCompile Include="src\GameState.cpp">
      <Filter>Source Files\GameState</Filter>
    </ClCompile>
    <ClCompile Include="src\HoleButton.cpp">
      <Filter>Source Files\GameState</Filter>
    </ClCompile>
    <ClCompile Include="src\Kazan.cpp">
      <Filter>Source Files\GameState</Filter>
    </ClCompile>
    <ClCompile Include="src\TuzSlot.cpp">
      <Filter>Source Files\GameState</Filter>
    </ClCompile>
    <ClCompile Include="src\GameFinishBox.cpp">
      <Filter>Source Files\GameState</Filter>
    </ClCompile>
  </ItemGroup>
  <ItemGroup>
    <ClInclude Include="include\Application.h">
      <Filter>Header Files</Filter>
    </ClInclude>
    <ClInclude Include="include\State.h">
      <Filter>Header Files</Filter>
    </ClInclude>
    <ClInclude Include="include\MenuState.h">
      <Filter>Header Files</Filter>
    </ClInclude>
    <ClInclude Include="include\Button.h">
      <Filter>Header Files</Filter>
    </ClInclude>
    <ClInclude Include="include\StateButton.h">
      <Filter>Header Files</Filter>
    </ClInclude>
    <ClInclude Include="include\StateManager.h">
      <Filter>Header Files</Filter>
    </ClInclude>
    <ClInclude Include="include\Identifiers.h">
      <Filter>Header Files</Filter>
    </ClInclude>
    <ClInclude Include="include\TextBehavior.h">
      <Filter>Header Files\TextBehavior</Filter>
    </ClInclude>
    <ClInclude Include="include\NoText.h">
      <Filter>Header Files\TextBehavior</Filter>
    </ClInclude>
    <ClInclude Include="include\HasText.h">
      <Filter>Header Files\TextBehavior</Filter>
    </ClInclude>
    <ClInclude Include="include\GameObject.h">
      <Filter>Header Files</Filter>
    </ClInclude>
    <ClInclude Include="include\DialogueBox.h">
      <Filter>Header Files\DialogueBox</Filter>
    </ClInclude>
    <ClInclude Include="include\DialogueCloseButton.h">
      <Filter>Header Files\DialogueBox</Filter>
    </ClInclude>
    <ClInclude Include="include\DragBar.h">
      <Filter>Header Files\DialogueBox</Filter>
    </ClInclude>
    <ClInclude Include="include\GameState.h">
      <Filter>Header Files\GameState</Filter>
    </ClInclude>
    <ClInclude Include="include\HoleButton.h">
      <Filter>Header Files\GameState</Filter>
    </ClInclude>
    <ClInclude Include="include\Kazan.h">
      <Filter>Header Files\GameState</Filter>
    </ClInclude>
    <ClInclude Include="include\TuzSlot.h">
      <Filter>Header Files\GameState</Filter>
    </ClInclude>
    <ClInclude Include="include\Board.h">
      <Filter>Header Files\GameState</Filter>
    </ClInclude>
    <ClInclude Include="include\GameFinishBox.h">
      <Filter>Header Files\GameState</Filter>
    </ClInclude>
  </ItemGroup>
  <ItemGroup>
    <Font Include="res\comic.ttf">
      <Filter>Resource Files</Filter>
    </Font>
  </ItemGroup>
  <ItemGroup>
    <None Include="res\dobrze.ogg">
      <Filter>Resource Files</Filter>
    </None>
  </ItemGroup>
</Project>